
Microsoft Visual Studio Solution File, Format Version 12.00
# Visual Studio Version 16
VisualStudioVersion = 16.0.31112.23
MinimumVisualStudioVersion = 10.0.40219.1
Project("{FAE04EC0-301F-11D3-BF4B-00C04F79EFBC}") = "ShowMeTheMoney", "ShowMeTheMoney\ShowMeTheMoney.csproj", "{F3AB792C-E487-46F0-936C-1BD1F0C9F3D5}"
EndProject
Project("{FAE04EC0-301F-11D3-BF4B-00C04F79EFBC}") = "ShowMeTheMoney.StockAnalyzer", "ShowMeTheMoney.StockAnalyzer\ShowMeTheMoney.StockAnalyzer.csproj", "{BEC5109D-CF32-49EA-9BC8-103E2BDA0663}"
EndProject
Project("{FAE04EC0-301F-11D3-BF4B-00C04F79EFBC}") = "ShowMeTheMoney.CompanyBuilder", "ShowMeTheMoney.CompanyBuilder\ShowMeTheMoney.CompanyBuilder.csproj", "{2F0E2014-FEB7-4199-BFAF-043A2C0C2F1D}"
EndProject
Project("{FAE04EC0-301F-11D3-BF4B-00C04F79EFBC}") = "ShowMeTheMoney.Database", "ShowMeTheMoney.Database\ShowMeTheMoney.Database.csproj", "{D1B3FEDF-E15D-4956-9528-E651E5CCD904}"
EndProject
Project("{FAE04EC0-301F-11D3-BF4B-00C04F79EFBC}") = "ShowMeTheMoney.Core", "ShowMeTheMoney.Core\ShowMeTheMoney.Core.csproj", "{14131415-D006-4C05-9892-487C72295A4B}"
EndProject
Global
	GlobalSection(SolutionConfigurationPlatforms) = preSolution
		Debug|Any CPU = Debug|Any CPU
		Release|Any CPU = Release|Any CPU
	EndGlobalSection
	GlobalSection(ProjectConfigurationPlatforms) = postSolution
		{F3AB792C-E487-46F0-936C-1BD1F0C9F3D5}.Debug|Any CPU.ActiveCfg = Debug|Any CPU
		{F3AB792C-E487-46F0-936C-1BD1F0C9F3D5}.Debug|Any CPU.Build.0 = Debug|Any CPU
		{F3AB792C-E487-46F0-936C-1BD1F0C9F3D5}.Release|Any CPU.ActiveCfg = Release|Any CPU
		{F3AB792C-E487-46F0-936C-1BD1F0C9F3D5}.Release|Any CPU.Build.0 = Release|Any CPU
		{BEC5109D-CF32-49EA-9BC8-103E2BDA0663}.Debug|Any CPU.ActiveCfg = Debug|Any CPU
		{BEC5109D-CF32-49EA-9BC8-103E2BDA0663}.Debug|Any CPU.Build.0 = Debug|Any CPU
		{BEC5109D-CF32-49EA-9BC8-103E2BDA0663}.Release|Any CPU.ActiveCfg = Release|Any CPU
		{BEC5109D-CF32-49EA-9BC8-103E2BDA0663}.Release|Any CPU.Build.0 = Release|Any CPU
		{2F0E2014-FEB7-4199-BFAF-043A2C0C2F1D}.Debug|Any CPU.ActiveCfg = Debug|Any CPU
		{2F0E2014-FEB7-4199-BFAF-043A2C0C2F1D}.Debug|Any CPU.Build.0 = Debug|Any CPU
		{2F0E2014-FEB7-4199-BFAF-043A2C0C2F1D}.Release|Any CPU.ActiveCfg = Release|Any CPU
		{2F0E2014-FEB7-4199-BFAF-043A2C0C2F1D}.Release|Any CPU.Build.0 = Release|Any CPU
		{D1B3FEDF-E15D-4956-9528-E651E5CCD904}.Debug|Any CPU.ActiveCfg = Debug|Any CPU
		{D1B3FEDF-E15D-4956-9528-E651E5CCD904}.Debug|Any CPU.Build.0 = Debug|Any CPU
		{D1B3FEDF-E15D-4956-9528-E651E5CCD904}.Release|Any CPU.ActiveCfg = Release|Any CPU
		{D1B3FEDF-E15D-4956-9528-E651E5CCD904}.Release|Any CPU.Build.0 = Release|Any CPU
		{14131415-D006-4C05-9892-487C72295A4B}.Debug|Any CPU.ActiveCfg = Debug|Any CPU
		{14131415-D006-4C05-9892-487C72295A4B}.Debug|Any CPU.Build.0 = Debug|Any CPU
		{14131415-D006-4C05-9892-487C72295A4B}.Release|Any CPU.ActiveCfg = Release|Any CPU
		{14131415-D006-4C05-9892-487C72295A4B}.Release|Any CPU.Build.0 = Release|Any CPU
	EndGlobalSection
	GlobalSection(SolutionProperties) = preSolution
		HideSolutionNode = FALSE
	EndGlobalSection
	GlobalSection(ExtensibilityGlobals) = postSolution
		SolutionGuid = {06D2BC12-80CA-412D-9F4D-B567B9B18603}
	EndGlobalSection
EndGlobal
